
Microsoft Visual Studio Solution File, Format Version 12.00
# Visual Studio Version 17
VisualStudioVersion = 17.13.35931.197 d17.13
MinimumVisualStudioVersion = 10.0.40219.1
Project("{FAE04EC0-301F-11D3-BF4B-00C04F79EFBC}") = "After_MoveField_11", "After_MoveField_11\After_MoveField_11.csproj", "{48215FE8-ABC4-4E63-A7F8-38AE4EC15AE3}"
EndProject
Project("{FAE04EC0-301F-11D3-BF4B-00C04F79EFBC}") = "Before_MoveField_11", "Before_MoveField_11\Before_MoveField_11.csproj", "{0F999D91-E4C2-4C73-BE2B-E6C56681670D}"
EndProject
Global
	GlobalSection(SolutionConfigurationPlatforms) = preSolution
		Debug|Any CPU = Debug|Any CPU
		Release|Any CPU = Release|Any CPU
	EndGlobalSection
	GlobalSection(ProjectConfigurationPlatforms) = postSolution
		{48215FE8-ABC4-4E63-A7F8-38AE4EC15AE3}.Debug|Any CPU.ActiveCfg = Debug|Any CPU
		{48215FE8-ABC4-4E63-A7F8-38AE4EC15AE3}.Debug|Any CPU.Build.0 = Debug|Any CPU
		{48215FE8-ABC4-4E63-A7F8-38AE4EC15AE3}.Release|Any CPU.ActiveCfg = Release|Any CPU
		{48215FE8-ABC4-4E63-A7F8-38AE4EC15AE3}.Release|Any CPU.Build.0 = Release|Any CPU
		{0F999D91-E4C2-4C73-BE2B-E6C56681670D}.Debug|Any CPU.ActiveCfg = Debug|Any CPU
		{0F999D91-E4C2-4C73-BE2B-E6C56681670D}.Debug|Any CPU.Build.0 = Debug|Any CPU
		{0F999D91-E4C2-4C73-BE2B-E6C56681670D}.Release|Any CPU.ActiveCfg = Release|Any CPU
		{0F999D91-E4C2-4C73-BE2B-E6C56681670D}.Release|Any CPU.Build.0 = Release|Any CPU
	EndGlobalSection
	GlobalSection(SolutionProperties) = preSolution
		HideSolutionNode = FALSE
	EndGlobalSection
	GlobalSection(ExtensibilityGlobals) = postSolution
		SolutionGuid = {49EB40D7-24A9-4FAE-BF92-CE42319F4E08}
	EndGlobalSection
EndGlobal
