
Microsoft Visual Studio Solution File, Format Version 12.00
# Visual Studio Version 17
VisualStudioVersion = 17.10.35027.167
MinimumVisualStudioVersion = 10.0.40219.1
Project("{FAE04EC0-301F-11D3-BF4B-00C04F79EFBC}") = "DPM225446_TranDuynam_Pattern01_Bridge", "DPM225446_TranDuynam_Pattern01_Bridge\DPM225446_TranDuynam_Pattern01_Bridge.csproj", "{9A919C70-9F0A-40F0-8709-83F65483E7FA}"
EndProject
Global
	GlobalSection(SolutionConfigurationPlatforms) = preSolution
		Debug|Any CPU = Debug|Any CPU
		Release|Any CPU = Release|Any CPU
	EndGlobalSection
	GlobalSection(ProjectConfigurationPlatforms) = postSolution
		{9A919C70-9F0A-40F0-8709-83F65483E7FA}.Debug|Any CPU.ActiveCfg = Debug|Any CPU
		{9A919C70-9F0A-40F0-8709-83F65483E7FA}.Debug|Any CPU.Build.0 = Debug|Any CPU
		{9A919C70-9F0A-40F0-8709-83F65483E7FA}.Release|Any CPU.ActiveCfg = Release|Any CPU
		{9A919C70-9F0A-40F0-8709-83F65483E7FA}.Release|Any CPU.Build.0 = Release|Any CPU
	EndGlobalSection
	GlobalSection(SolutionProperties) = preSolution
		HideSolutionNode = FALSE
	EndGlobalSection
	GlobalSection(ExtensibilityGlobals) = postSolution
		SolutionGuid = {3953A9E1-714E-4F42-83B3-02539654FDAE}
	EndGlobalSection
EndGlobal
